lockfileVersion: '9.0'

settings:
  autoInstallPeers: true
  excludeLinksFromLockfile: false

importers:

  .:
    devDependencies:
      '@capacitor/android':
        specifier: ^6.0.0
        version: 6.2.1(@capacitor/core@6.2.1)
      '@capacitor/core':
        specifier: ^6.0.0
        version: 6.2.1
      '@capacitor/ios':
        specifier: ^6.0.0
        version: 6.2.1(@capacitor/core@6.2.1)
      react:
        specifier: ^19.0.0
        version: 19.2.0
      typescript:
        specifier: 5.9.3
        version: 5.9.3

packages:

  '@capacitor/android@6.2.1':
    resolution: {integrity: sha512-8gd4CIiQO5LAIlPIfd5mCuodBRxMMdZZEdj8qG8m+dQ1sQ2xyemVpzHmRK8qSCHorsBUCg3D62j2cp6bEBAkdw==}
    peerDependencies:
      '@capacitor/core': ^6.2.0

  '@capacitor/core@6.2.1':
    resolution: {integrity: sha512-urZwxa7hVE/BnA18oCFAdizXPse6fCKanQyEqpmz6cBJ2vObwMpyJDG5jBeoSsgocS9+Ax+9vb4ducWJn0y2qQ==}

  '@capacitor/ios@6.2.1':
    resolution: {integrity: sha512-tbMlQdQjxe1wyaBvYVU1yTojKJjgluZQsJkALuJxv/6F8QTw5b6vd7X785O/O7cMpIAZfUWo/vtAHzFkRV+kXw==}
    peerDependencies:
      '@capacitor/core': ^6.2.0

  react@19.2.0:
    resolution: {integrity: sha512-tmbWg6W31tQLeB5cdIBOicJDJRR2KzXsV7uSK9iNfLWQ5bIZfxuPEHp7M8wiHyHnn0DD1i7w3Zmin0FtkrwoCQ==}
    engines: {node: '>=0.10.0'}

  tslib@2.8.1:
    resolution: {integrity: sha512-oJFu94HQb+KVduSUQL7wnpmqnfmLsOA/nAh6b6EH0wCEoK0/mPeXU6c3wKDV83MkOuHPRHtSXKKU99IBazS/2w==}

  typescript@5.9.3:
    resolution: {integrity: sha512-jl1vZzPDinLr9eUt3J/t7V6FgNEw9QjvBPdysz9KfQDD41fQrC2Y4vKQdiaUpFT4bXlb1RHhLpp8wtm6M5TgSw==}
    engines: {node: '>=14.17'}
    hasBin: true

snapshots:

  '@capacitor/android@6.2.1(@capacitor/core@6.2.1)':
    dependencies:
      '@capacitor/core': 6.2.1

  '@capacitor/core@6.2.1':
    dependencies:
      tslib: 2.8.1

  '@capacitor/ios@6.2.1(@capacitor/core@6.2.1)':
    dependencies:
      '@capacitor/core': 6.2.1

  react@19.2.0: {}

  tslib@2.8.1: {}

  typescript@5.9.3: {}
